
Microsoft Visual Studio Solution File, Format Version 12.00
# Visual Studio Version 17
VisualStudioVersion = 17.0.31903.59
MinimumVisualStudioVersion = 10.0.40219.1
Project("{FAE04EC0-301F-11D3-BF4B-00C04F79EFBC}") = "Calculadora", "Calculadora\Calculadora.csproj", "{9987C44F-542F-4CF7-9667-0F3020234E8E}"
EndProject
Project("{FAE04EC0-301F-11D3-BF4B-00C04F79EFBC}") = "CalculadoraTestes", "CalculadoraTestes\CalculadoraTestes.csproj", "{00E56C1E-BDC8-48A8-8789-607D0D72A7CE}"
EndProject
Project("{FAE04EC0-301F-11D3-BF4B-00C04F79EFBC}") = "StringsTestes", "StringsTestes\StringsTestes.csproj", "{B8F26987-045E-4D99-9884-A0F1362D5646}"
EndProject
Global
	GlobalSection(SolutionConfigurationPlatforms) = preSolution
		Debug|Any CPU = Debug|Any CPU
		Release|Any CPU = Release|Any CPU
	EndGlobalSection
	GlobalSection(SolutionProperties) = preSolution
		HideSolutionNode = FALSE
	EndGlobalSection
	GlobalSection(ProjectConfigurationPlatforms) = postSolution
		{9987C44F-542F-4CF7-9667-0F3020234E8E}.Debug|Any CPU.ActiveCfg = Debug|Any CPU
		{9987C44F-542F-4CF7-9667-0F3020234E8E}.Debug|Any CPU.Build.0 = Debug|Any CPU
		{9987C44F-542F-4CF7-9667-0F3020234E8E}.Release|Any CPU.ActiveCfg = Release|Any CPU
		{9987C44F-542F-4CF7-9667-0F3020234E8E}.Release|Any CPU.Build.0 = Release|Any CPU
		{00E56C1E-BDC8-48A8-8789-607D0D72A7CE}.Debug|Any CPU.ActiveCfg = Debug|Any CPU
		{00E56C1E-BDC8-48A8-8789-607D0D72A7CE}.Debug|Any CPU.Build.0 = Debug|Any CPU
		{00E56C1E-BDC8-48A8-8789-607D0D72A7CE}.Release|Any CPU.ActiveCfg = Release|Any CPU
		{00E56C1E-BDC8-48A8-8789-607D0D72A7CE}.Release|Any CPU.Build.0 = Release|Any CPU
		{B8F26987-045E-4D99-9884-A0F1362D5646}.Debug|Any CPU.ActiveCfg = Debug|Any CPU
		{B8F26987-045E-4D99-9884-A0F1362D5646}.Debug|Any CPU.Build.0 = Debug|Any CPU
		{B8F26987-045E-4D99-9884-A0F1362D5646}.Release|Any CPU.ActiveCfg = Release|Any CPU
		{B8F26987-045E-4D99-9884-A0F1362D5646}.Release|Any CPU.Build.0 = Release|Any CPU
	EndGlobalSection
EndGlobal
